<Solution>
  <Project Path="Assembly-CSharp.csproj" />
  <Project Path="Unity.XR.OpenXR.csproj" />
  <Project Path="Unity.XR.OpenXR.Editor.Tests.csproj" />
  <Project Path="Unity.XR.Interaction.Toolkit.Samples.InteractionSimulator.csproj" />
  <Project Path="Oculus.Interaction.Editor.csproj" />
  <Project Path="UnityEngine.XR.OpenXR.CodeSamples.Editor.Tests.csproj" />
  <Project Path="Assembly-CSharp-Editor.csproj" />
  <Project Path="MRTemplate.csproj" />
  <Project Path="Unity.XR.OpenXR.Editor.csproj" />
  <Project Path="Unity.XR.Interaction.Toolkit.Samples.DeviceSimulator.csproj" />
  <Project Path="Unity.XR.OpenXR.Ubuntu.Tests.csproj" />
  <Project Path="Unity.XR.OpenXR.Tests.csproj" />
  <Project Path="ControllerSample.csproj" />
  <Project Path="Unity.XR.Interaction.Toolkit.Samples.Hands.csproj" />
  <Project Path="Unity.XR.Interaction.Toolkit.Samples.StarterAssets.csproj" />
  <Project Path="Unity.XR.Interaction.Toolkit.Samples.ARStarterAssets.csproj" />
  <Project Path="Meta.Voice.Samples.Dictation.csproj" />
  <Project Path="com.jetxr.visionui.csproj" />
  <Project Path="Meta.Voice.Samples.LiveUnderstanding.csproj" />
  <Project Path="Unity.XR.OpenXR.Features.RuntimeDebugger.csproj" />
  <Project Path="Unity.XR.OpenXR.Features.OculusQuestSupport.Editor.csproj" />
  <Project Path="Meta.Voice.Samples.Shapes.csproj" />
  <Project Path="com.jetxr.visionui.editor.csproj" />
  <Project Path="Unity.XR.Interaction.Toolkit.Samples.ARStarterAssets.Editor.csproj" />
  <Project Path="Unity.XR.OpenXR.Features.ConformanceAutomation.csproj" />
  <Project Path="Unity.XR.OpenXR.Features.MockRuntime.csproj" />
  <Project Path="Unity.XR.Hands.Samples.VisualizerSample.csproj" />
  <Project Path="Unity.XR.OpenXR.Features.OculusQuestSupport.csproj" />
  <Project Path="Unity.XR.Interaction.Toolkit.Samples.WorldSpaceUI.csproj" />
  <Project Path="Meta.Voice.Samples.BuiltInTimer.csproj" />
  <Project Path="Unity.XR.OpenXR.Features.MetaQuestSupport.Editor.csproj" />
  <Project Path="Unity.XR.OpenXR.Features.MetaQuestSupport.csproj" />
  <Project Path="Unity.XR.Interaction.Toolkit.Samples.Hands.Editor.csproj" />
  <Project Path="Unity.XR.Interaction.Toolkit.Samples.WorldSpaceUI.Editor.csproj" />
  <Project Path="Unity.XR.OpenXR.Features.RuntimeDebugger.Editor.csproj" />
  <Project Path="Unity.XR.Interaction.Toolkit.Samples.StarterAssets.Editor.csproj" />
  <Project Path="Unity.XR.Interaction.Toolkit.Samples.InteractionSimulator.Editor.csproj" />
  <Project Path="Unity.XR.OpenXR.TestTooling.csproj" />
</Solution>
